{
    "requires": true,
    "lockfileVersion": 1,
    "dependencies": {
        "font-awesome": {
            "version": "4.7.0",
            "resolved": "https://registry.npmjs.org/font-awesome/-/font-awesome-4.7.0.tgz",
            "integrity": "sha1-j6jPBBGhoxr9B7BtKQK7n8gVoTM="
        },
        "sweetalert2": {
            "version": "10.6.1",
            "resolved": "https://registry.npmjs.org/sweetalert2/-/sweetalert2-10.6.1.tgz",
            "integrity": "sha512-5cIPtYldmZ+EljMVRd5ml9xT72STU+N4kk57nO0oECQmjkCsJypAcEdL+h045otoAd3t9962FtewJYSKyJxOFQ=="
        }
    }
}
